PODS:
  - AccountKit (5.0.1)
  - Flutter (1.0.0)
  - flutter_account_kit (0.0.1):
    - AccountKit
    - Flutter

DEPENDENCIES:
  - Flutter (from `.symlinks/flutter/ios`)
  - flutter_account_kit (from `.symlinks/plugins/flutter_account_kit/ios`)

SPEC REPOS:
  https://github.com/cocoapods/specs.git:
    - AccountKit

EXTERNAL SOURCES:
  Flutter:
    :path: ".symlinks/flutter/ios"
  flutter_account_kit:
    :path: ".symlinks/plugins/flutter_account_kit/ios"

SPEC CHECKSUMS:
  AccountKit: d05258857e74b04386c263a1365b27dbb5ff62b9
  Flutter: 9d0fac939486c9aba2809b7982dfdbb47a7b0296
  flutter_account_kit: e3eb9b78195f278c3d47426b6d93159b09b3e58a

PODFILE CHECKSUM: 1e5af4103afd21ca5ead147d7b81d06f494f51a2

COCOAPODS: 1.5.3
